
Microsoft Visual Studio Solution File, Format Version 12.00
# Visual Studio Version 16
VisualStudioVersion = 16.0.32413.511
MinimumVisualStudioVersion = 10.0.40219.1
Project("{FAE04EC0-301F-11D3-BF4B-00C04F79EFBC}") = "AzureGitWebAp", "AzureGitWebAp\AzureGitWebAp.csproj", "{890D8A5E-C47E-4AD3-87E9-235F259B37F1}"
EndProject
Global
	GlobalSection(SolutionConfigurationPlatforms) = preSolution
		Debug|Any CPU = Debug|Any CPU
		Release|Any CPU = Release|Any CPU
	EndGlobalSection
	GlobalSection(ProjectConfigurationPlatforms) = postSolution
		{890D8A5E-C47E-4AD3-87E9-235F259B37F1}.Debug|Any CPU.ActiveCfg = Debug|Any CPU
		{890D8A5E-C47E-4AD3-87E9-235F259B37F1}.Debug|Any CPU.Build.0 = Debug|Any CPU
		{890D8A5E-C47E-4AD3-87E9-235F259B37F1}.Release|Any CPU.ActiveCfg = Release|Any CPU
		{890D8A5E-C47E-4AD3-87E9-235F259B37F1}.Release|Any CPU.Build.0 = Release|Any CPU
	EndGlobalSection
	GlobalSection(SolutionProperties) = preSolution
		HideSolutionNode = FALSE
	EndGlobalSection
	GlobalSection(ExtensibilityGlobals) = postSolution
		SolutionGuid = {961C99F0-BB7C-4537-A17B-6F424D950FCA}
	EndGlobalSection
EndGlobal
